// !$*UTF8*$!
{
	archiveVersion = 1;
	classes = {
	};
	objectVersion = 56;
	objects = {

/* Begin PBXBuildFile section */
		C116083F2A369E280022F404 /* 2-the-first-triangle.cpp in Sources */ = {isa = PBXBuildFile; fileRef = C116083D2A369E280022F404 /* 2-the-first-triangle.cpp */; };
		C11608432A36E6CF0022F404 /* shader.cpp in Sources */ = {isa = PBXBuildFile; fileRef = C11608412A36E6CF0022F404 /* shader.cpp */; };
		C11608482A39884B0022F404 /* 3-matrices.cpp in Sources */ = {isa = PBXBuildFile; fileRef = C11608462A39884B0022F404 /* 3-matrices.cpp */; };
		C116084B2A39955E0022F404 /* 4-a-colored-cube.cpp in Sources */ = {isa = PBXBuildFile; fileRef = C11608492A39955E0022F404 /* 4-a-colored-cube.cpp */; };
		C116084E2A3ADB450022F404 /* 5-a-textured-cube.cpp in Sources */ = {isa = PBXBuildFile; fileRef = C116084C2A3ADB450022F404 /* 5-a-textured-cube.cpp */; };
		C137B0762A359AF0002351F4 /* main.cpp in Sources */ = {isa = PBXBuildFile; fileRef = C137B0752A359AF0002351F4 /* main.cpp */; };
		C137B07E2A359B12002351F4 /* OpenGL.framework in Frameworks */ = {isa = PBXBuildFile; fileRef = C137B07D2A359B11002351F4 /* OpenGL.framework */; };
		C137B0802A359B1A002351F4 /* GLUT.framework in Frameworks */ = {isa = PBXBuildFile; fileRef = C137B07F2A359B1A002351F4 /* GLUT.framework */; };
		C137B0822A35AA1E002351F4 /* libglfw.3.dylib in Frameworks */ = {isa = PBXBuildFile; fileRef = C137B0812A35AA1E002351F4 /* libglfw.3.dylib */; };
		C137B0852A35AB2D002351F4 /* libGLEW.2.1.0.dylib in Frameworks */ = {isa = PBXBuildFile; fileRef = C137B0832A35AA4D002351F4 /* libGLEW.2.1.0.dylib */; };
		C137B0942A35B4A1002351F4 /* 1-opening-a-window.cpp in Sources */ = {isa = PBXBuildFile; fileRef = C137B0922A35B4A1002351F4 /* 1-opening-a-window.cpp */; };
/* End PBXBuildFile section */

/* Begin PBXCopyFilesBuildPhase section */
		C137B0702A359AF0002351F4 /* CopyFiles */ = {
			isa = PBXCopyFilesBuildPhase;
			buildActionMask = 2147483647;
			dstPath = /usr/share/man/man1/;
			dstSubfolderSpec = 0;
			files = (
			);
			runOnlyForDeploymentPostprocessing = 1;
		};
/* End PBXCopyFilesBuildPhase section */

/* Begin PBXFileReference section */
		C116083D2A369E280022F404 /* 2-the-first-triangle.cpp */ = {isa = PBXFileReference; lastKnownFileType = sourcecode.cpp.cpp; path = "2-the-first-triangle.cpp"; sourceTree = "<group>"; };
		C116083E2A369E280022F404 /* 2-the-first-triangle.hpp */ = {isa = PBXFileReference; lastKnownFileType = sourcecode.cpp.h; path = "2-the-first-triangle.hpp"; sourceTree = "<group>"; };
		C11608412A36E6CF0022F404 /* shader.cpp */ = {isa = PBXFileReference; lastKnownFileType = sourcecode.cpp.cpp; path = shader.cpp; sourceTree = "<group>"; };
		C11608422A36E6CF0022F404 /* shader.hpp */ = {isa = PBXFileReference; lastKnownFileType = sourcecode.cpp.h; path = shader.hpp; sourceTree = "<group>"; };
		C11608442A36F3510022F404 /* 5-VertexShader.vertexshader */ = {isa = PBXFileReference; lastKnownFileType = text; path = "5-VertexShader.vertexshader"; sourceTree = "<group>"; };
		C11608452A36F4D30022F404 /* 5-FragmentShader.fragmentshader */ = {isa = PBXFileReference; lastKnownFileType = text; path = "5-FragmentShader.fragmentshader"; sourceTree = "<group>"; };
		C11608462A39884B0022F404 /* 3-matrices.cpp */ = {isa = PBXFileReference; lastKnownFileType = sourcecode.cpp.cpp; path = "3-matrices.cpp"; sourceTree = "<group>"; };
		C11608472A39884B0022F404 /* 3-matrices.hpp */ = {isa = PBXFileReference; lastKnownFileType = sourcecode.cpp.h; path = "3-matrices.hpp"; sourceTree = "<group>"; };
		C11608492A39955E0022F404 /* 4-a-colored-cube.cpp */ = {isa = PBXFileReference; lastKnownFileType = sourcecode.cpp.cpp; path = "4-a-colored-cube.cpp"; sourceTree = "<group>"; };
		C116084A2A39955E0022F404 /* 4-a-colored-cube.hpp */ = {isa = PBXFileReference; lastKnownFileType = sourcecode.cpp.h; path = "4-a-colored-cube.hpp"; sourceTree = "<group>"; };
		C116084C2A3ADB450022F404 /* 5-a-textured-cube.cpp */ = {isa = PBXFileReference; lastKnownFileType = sourcecode.cpp.cpp; path = "5-a-textured-cube.cpp"; sourceTree = "<group>"; };
		C116084D2A3ADB450022F404 /* 5-a-textured-cube.hpp */ = {isa = PBXFileReference; lastKnownFileType = sourcecode.cpp.h; path = "5-a-textured-cube.hpp"; sourceTree = "<group>"; };
		C116084F2A3ED6860022F404 /* uvtemplate.bmp */ = {isa = PBXFileReference; lastKnownFileType = image.bmp; path = uvtemplate.bmp; sourceTree = "<group>"; };
		C137B0722A359AF0002351F4 /* opengl-learning */ = {isa = PBXFileReference; explicitFileType = "compiled.mach-o.executable"; includeInIndex = 0; path = "opengl-learning"; sourceTree = BUILT_PRODUCTS_DIR; };
		C137B0752A359AF0002351F4 /* main.cpp */ = {isa = PBXFileReference; lastKnownFileType = sourcecode.cpp.cpp; path = main.cpp; sourceTree = "<group>"; };
		C137B07D2A359B11002351F4 /* OpenGL.framework */ = {isa = PBXFileReference; lastKnownFileType = wrapper.framework; name = OpenGL.framework; path = System/Library/Frameworks/OpenGL.framework; sourceTree = SDKROOT; };
		C137B07F2A359B1A002351F4 /* GLUT.framework */ = {isa = PBXFileReference; lastKnownFileType = wrapper.framework; name = GLUT.framework; path = System/Library/Frameworks/GLUT.framework; sourceTree = SDKROOT; };
		C137B0812A35AA1E002351F4 /* libglfw.3.dylib */ = {isa = PBXFileReference; lastKnownFileType = "compiled.mach-o.dylib"; name = libglfw.3.dylib; path = ../../../../usr/local/lib/libglfw.3.dylib; sourceTree = "<group>"; };
		C137B0832A35AA4D002351F4 /* libGLEW.2.1.0.dylib */ = {isa = PBXFileReference; lastKnownFileType = "compiled.mach-o.dylib"; name = libGLEW.2.1.0.dylib; path = ../../../../usr/local/lib/libGLEW.2.1.0.dylib; sourceTree = "<group>"; };
		C137B0862A35AED2002351F4 /* opengl-learning.entitlements */ = {isa = PBXFileReference; lastKnownFileType = text.plist.entitlements; path = "opengl-learning.entitlements"; sourceTree = "<group>"; };
		C137B0922A35B4A1002351F4 /* 1-opening-a-window.cpp */ = {isa = PBXFileReference; lastKnownFileType = sourcecode.cpp.cpp; path = "1-opening-a-window.cpp"; sourceTree = "<group>"; };
		C137B0932A35B4A1002351F4 /* 1-opening-a-window.hpp */ = {isa = PBXFileReference; lastKnownFileType = sourcecode.cpp.h; path = "1-opening-a-window.hpp"; sourceTree = "<group>"; };
/* End PBXFileReference section */

/* Begin PBXFrameworksBuildPhase section */
		C137B06F2A359AF0002351F4 /* Frameworks */ = {
			isa = PBXFrameworksBuildPhase;
			buildActionMask = 2147483647;
			files = (
				C137B0852A35AB2D002351F4 /* libGLEW.2.1.0.dylib in Frameworks */,
				C137B0822A35AA1E002351F4 /* libglfw.3.dylib in Frameworks */,
				C137B0802A359B1A002351F4 /* GLUT.framework in Frameworks */,
				C137B07E2A359B12002351F4 /* OpenGL.framework in Frameworks */,
			);
			runOnlyForDeploymentPostprocessing = 0;
		};
/* End PBXFrameworksBuildPhase section */

/* Begin PBXGroup section */
		C11608402A36E6640022F404 /* common */ = {
			isa = PBXGroup;
			children = (
				C11608412A36E6CF0022F404 /* shader.cpp */,
				C11608422A36E6CF0022F404 /* shader.hpp */,
			);
			path = common;
			sourceTree = "<group>";
		};
		C11608502A3ED6A30022F404 /* textures */ = {
			isa = PBXGroup;
			children = (
				C116084F2A3ED6860022F404 /* uvtemplate.bmp */,
			);
			path = textures;
			sourceTree = "<group>";
		};
		C11608512A3ED7980022F404 /* shaders */ = {
			isa = PBXGroup;
			children = (
				C11608442A36F3510022F404 /* 5-VertexShader.vertexshader */,
				C11608452A36F4D30022F404 /* 5-FragmentShader.fragmentshader */,
			);
			path = shaders;
			sourceTree = "<group>";
		};
		C137B0692A359AF0002351F4 = {
			isa = PBXGroup;
			children = (
				C137B0742A359AF0002351F4 /* opengl-learning */,
				C137B0732A359AF0002351F4 /* Products */,
				C137B07C2A359B11002351F4 /* Frameworks */,
			);
			sourceTree = "<group>";
		};
		C137B0732A359AF0002351F4 /* Products */ = {
			isa = PBXGroup;
			children = (
				C137B0722A359AF0002351F4 /* opengl-learning */,
			);
			name = Products;
			sourceTree = "<group>";
		};
		C137B0742A359AF0002351F4 /* opengl-learning */ = {
			isa = PBXGroup;
			children = (
				C11608512A3ED7980022F404 /* shaders */,
				C11608502A3ED6A30022F404 /* textures */,
				C11608402A36E6640022F404 /* common */,
				C137B0862A35AED2002351F4 /* opengl-learning.entitlements */,
				C137B0752A359AF0002351F4 /* main.cpp */,
				C137B0922A35B4A1002351F4 /* 1-opening-a-window.cpp */,
				C137B0932A35B4A1002351F4 /* 1-opening-a-window.hpp */,
				C116083D2A369E280022F404 /* 2-the-first-triangle.cpp */,
				C116083E2A369E280022F404 /* 2-the-first-triangle.hpp */,
				C11608462A39884B0022F404 /* 3-matrices.cpp */,
				C11608472A39884B0022F404 /* 3-matrices.hpp */,
				C11608492A39955E0022F404 /* 4-a-colored-cube.cpp */,
				C116084A2A39955E0022F404 /* 4-a-colored-cube.hpp */,
				C116084C2A3ADB450022F404 /* 5-a-textured-cube.cpp */,
				C116084D2A3ADB450022F404 /* 5-a-textured-cube.hpp */,
			);
			path = "opengl-learning";
			sourceTree = "<group>";
		};
		C137B07C2A359B11002351F4 /* Frameworks */ = {
			isa = PBXGroup;
			children = (
				C137B0832A35AA4D002351F4 /* libGLEW.2.1.0.dylib */,
				C137B0812A35AA1E002351F4 /* libglfw.3.dylib */,
				C137B07F2A359B1A002351F4 /* GLUT.framework */,
				C137B07D2A359B11002351F4 /* OpenGL.framework */,
			);
			name = Frameworks;
			sourceTree = "<group>";
		};
/* End PBXGroup section */

/* Begin PBXNativeTarget section */
		C137B0712A359AF0002351F4 /* opengl-learning */ = {
			isa = PBXNativeTarget;
			buildConfigurationList = C137B0792A359AF0002351F4 /* Build configuration list for PBXNativeTarget "opengl-learning" */;
			buildPhases = (
				C137B06E2A359AF0002351F4 /* Sources */,
				C137B06F2A359AF0002351F4 /* Frameworks */,
				C137B0702A359AF0002351F4 /* CopyFiles */,
			);
			buildRules = (
			);
			dependencies = (
			);
			name = "opengl-learning";
			productName = "opengl-learning";
			productReference = C137B0722A359AF0002351F4 /* opengl-learning */;
			productType = "com.apple.product-type.tool";
		};
/* End PBXNativeTarget section */

/* Begin PBXProject section */
		C137B06A2A359AF0002351F4 /* Project object */ = {
			isa = PBXProject;
			attributes = {
				BuildIndependentTargetsInParallel = 1;
				LastUpgradeCheck = 1430;
				TargetAttributes = {
					C137B0712A359AF0002351F4 = {
						CreatedOnToolsVersion = 14.3;
					};
				};
			};
			buildConfigurationList = C137B06D2A359AF0002351F4 /* Build configuration list for PBXProject "opengl-learning" */;
			compatibilityVersion = "Xcode 14.0";
			developmentRegion = en;
			hasScannedForEncodings = 0;
			knownRegions = (
				en,
				Base,
			);
			mainGroup = C137B0692A359AF0002351F4;
			productRefGroup = C137B0732A359AF0002351F4 /* Products */;
			projectDirPath = "";
			projectRoot = "";
			targets = (
				C137B0712A359AF0002351F4 /* opengl-learning */,
			);
		};
/* End PBXProject section */

/* Begin PBXSourcesBuildPhase section */
		C137B06E2A359AF0002351F4 /* Sources */ = {
			isa = PBXSourcesBuildPhase;
			buildActionMask = 2147483647;
			files = (
				C116084B2A39955E0022F404 /* 4-a-colored-cube.cpp in Sources */,
				C11608482A39884B0022F404 /* 3-matrices.cpp in Sources */,
				C116083F2A369E280022F404 /* 2-the-first-triangle.cpp in Sources */,
				C137B0942A35B4A1002351F4 /* 1-opening-a-window.cpp in Sources */,
				C116084E2A3ADB450022F404 /* 5-a-textured-cube.cpp in Sources */,
				C11608432A36E6CF0022F404 /* shader.cpp in Sources */,
				C137B0762A359AF0002351F4 /* main.cpp in Sources */,
			);
			runOnlyForDeploymentPostprocessing = 0;
		};
/* End PBXSourcesBuildPhase section */

/* Begin XCBuildConfiguration section */
		C137B0772A359AF0002351F4 /* Debug */ = {
			isa = XCBuildConfiguration;
			buildSettings = {
				ALWAYS_SEARCH_USER_PATHS = NO;
				CLANG_ANALYZER_NONNULL = YES;
				CLANG_ANALYZER_NUMBER_OBJECT_CONVERSION = YES_AGGRESSIVE;
				CLANG_CXX_LANGUAGE_STANDARD = "gnu++20";
				CLANG_ENABLE_MODULES = YES;
				CLANG_ENABLE_OBJC_ARC = YES;
				CLANG_ENABLE_OBJC_WEAK = YES;
				CLANG_WARN_BLOCK_CAPTURE_AUTORELEASING = YES;
				CLANG_WARN_BOOL_CONVERSION = YES;
				CLANG_WARN_COMMA = YES;
				CLANG_WARN_CONSTANT_CONVERSION = YES;
				CLANG_WARN_DEPRECATED_OBJC_IMPLEMENTATIONS = YES;
				CLANG_WARN_DIRECT_OBJC_ISA_USAGE = YES_ERROR;
				CLANG_WARN_DOCUMENTATION_COMMENTS = YES;
				CLANG_WARN_EMPTY_BODY = YES;
				CLANG_WARN_ENUM_CONVERSION = YES;
				CLANG_WARN_INFINITE_RECURSION = YES;
				CLANG_WARN_INT_CONVERSION = YES;
				CLANG_WARN_NON_LITERAL_NULL_CONVERSION = YES;
				CLANG_WARN_OBJC_IMPLICIT_RETAIN_SELF = YES;
				CLANG_WARN_OBJC_LITERAL_CONVERSION = YES;
				CLANG_WARN_OBJC_ROOT_CLASS = YES_ERROR;
				CLANG_WARN_QUOTED_INCLUDE_IN_FRAMEWORK_HEADER = YES;
				CLANG_WARN_RANGE_LOOP_ANALYSIS = YES;
				CLANG_WARN_STRICT_PROTOTYPES = YES;
				CLANG_WARN_SUSPICIOUS_MOVE = YES;
				CLANG_WARN_UNGUARDED_AVAILABILITY = YES_AGGRESSIVE;
				CLANG_WARN_UNREACHABLE_CODE = YES;
				CLANG_WARN__DUPLICATE_METHOD_MATCH = YES;
				COPY_PHASE_STRIP = NO;
				DEBUG_INFORMATION_FORMAT = dwarf;
				ENABLE_STRICT_OBJC_MSGSEND = YES;
				ENABLE_TESTABILITY = YES;
				GCC_C_LANGUAGE_STANDARD = gnu11;
				GCC_DYNAMIC_NO_PIC = NO;
				GCC_NO_COMMON_BLOCKS = YES;
				GCC_OPTIMIZATION_LEVEL = 0;
				GCC_PREPROCESSOR_DEFINITIONS = (
					"DEBUG=1",
					"$(inherited)",
				);
				GCC_WARN_64_TO_32_BIT_CONVERSION = YES;
				GCC_WARN_ABOUT_RETURN_TYPE = YES_ERROR;
				GCC_WARN_UNDECLARED_SELECTOR = YES;
				GCC_WARN_UNINITIALIZED_AUTOS = YES_AGGRESSIVE;
				GCC_WARN_UNUSED_FUNCTION = YES;
				GCC_WARN_UNUSED_VARIABLE = YES;
				MACOSX_DEPLOYMENT_TARGET = 13.3;
				MTL_ENABLE_DEBUG_INFO = INCLUDE_SOURCE;
				MTL_FAST_MATH = YES;
				ONLY_ACTIVE_ARCH = YES;
				SDKROOT = macosx;
			};
			name = Debug;
		};
		C137B0782A359AF0002351F4 /* Release */ = {
			isa = XCBuildConfiguration;
			buildSettings = {
				ALWAYS_SEARCH_USER_PATHS = NO;
				CLANG_ANALYZER_NONNULL = YES;
				CLANG_ANALYZER_NUMBER_OBJECT_CONVERSION = YES_AGGRESSIVE;
				CLANG_CXX_LANGUAGE_STANDARD = "gnu++20";
				CLANG_ENABLE_MODULES = YES;
				CLANG_ENABLE_OBJC_ARC = YES;
				CLANG_ENABLE_OBJC_WEAK = YES;
				CLANG_WARN_BLOCK_CAPTURE_AUTORELEASING = YES;
				CLANG_WARN_BOOL_CONVERSION = YES;
				CLANG_WARN_COMMA = YES;
				CLANG_WARN_CONSTANT_CONVERSION = YES;
				CLANG_WARN_DEPRECATED_OBJC_IMPLEMENTATIONS = YES;
				CLANG_WARN_DIRECT_OBJC_ISA_USAGE = YES_ERROR;
				CLANG_WARN_DOCUMENTATION_COMMENTS = YES;
				CLANG_WARN_EMPTY_BODY = YES;
				CLANG_WARN_ENUM_CONVERSION = YES;
				CLANG_WARN_INFINITE_RECURSION = YES;
				CLANG_WARN_INT_CONVERSION = YES;
				CLANG_WARN_NON_LITERAL_NULL_CONVERSION = YES;
				CLANG_WARN_OBJC_IMPLICIT_RETAIN_SELF = YES;
				CLANG_WARN_OBJC_LITERAL_CONVERSION = YES;
				CLANG_WARN_OBJC_ROOT_CLASS = YES_ERROR;
				CLANG_WARN_QUOTED_INCLUDE_IN_FRAMEWORK_HEADER = YES;
				CLANG_WARN_RANGE_LOOP_ANALYSIS = YES;
				CLANG_WARN_STRICT_PROTOTYPES = YES;
				CLANG_WARN_SUSPICIOUS_MOVE = YES;
				CLANG_WARN_UNGUARDED_AVAILABILITY = YES_AGGRESSIVE;
				CLANG_WARN_UNREACHABLE_CODE = YES;
				CLANG_WARN__DUPLICATE_METHOD_MATCH = YES;
				COPY_PHASE_STRIP = NO;
				DEBUG_INFORMATION_FORMAT = "dwarf-with-dsym";
				ENABLE_NS_ASSERTIONS = NO;
				ENABLE_STRICT_OBJC_MSGSEND = YES;
				GCC_C_LANGUAGE_STANDARD = gnu11;
				GCC_NO_COMMON_BLOCKS = YES;
				GCC_WARN_64_TO_32_BIT_CONVERSION = YES;
				GCC_WARN_ABOUT_RETURN_TYPE = YES_ERROR;
				GCC_WARN_UNDECLARED_SELECTOR = YES;
				GCC_WARN_UNINITIALIZED_AUTOS = YES_AGGRESSIVE;
				GCC_WARN_UNUSED_FUNCTION = YES;
				GCC_WARN_UNUSED_VARIABLE = YES;
				MACOSX_DEPLOYMENT_TARGET = 13.3;
				MTL_ENABLE_DEBUG_INFO = NO;
				MTL_FAST_MATH = YES;
				SDKROOT = macosx;
			};
			name = Release;
		};
		C137B07A2A359AF0002351F4 /* Debug */ = {
			isa = XCBuildConfiguration;
			buildSettings = {
				CODE_SIGN_ENTITLEMENTS = "opengl-learning/opengl-learning.entitlements";
				"CODE_SIGN_IDENTITY[sdk=macosx*]" = "Apple Development";
				CODE_SIGN_STYLE = Automatic;
				DEVELOPMENT_TEAM = 742F43BKR3;
				ENABLE_HARDENED_RUNTIME = YES;
				"HEADER_SEARCH_PATHS[arch=*]" = /usr/local/include;
				"LIBRARY_SEARCH_PATHS[arch=*]" = /usr/local/lib;
				PRODUCT_NAME = "$(TARGET_NAME)";
			};
			name = Debug;
		};
		C137B07B2A359AF0002351F4 /* Release */ = {
			isa = XCBuildConfiguration;
			buildSettings = {
				CODE_SIGN_ENTITLEMENTS = "opengl-learning/opengl-learning.entitlements";
				"CODE_SIGN_IDENTITY[sdk=macosx*]" = "Apple Development";
				CODE_SIGN_STYLE = Automatic;
				DEVELOPMENT_TEAM = 742F43BKR3;
				ENABLE_HARDENED_RUNTIME = YES;
				"HEADER_SEARCH_PATHS[arch=*]" = /usr/local/include;
				"LIBRARY_SEARCH_PATHS[arch=*]" = /usr/local/lib;
				PRODUCT_NAME = "$(TARGET_NAME)";
			};
			name = Release;
		};
/* End XCBuildConfiguration section */

/* Begin XCConfigurationList section */
		C137B06D2A359AF0002351F4 /* Build configuration list for PBXProject "opengl-learning" */ = {
			isa = XCConfigurationList;
			buildConfigurations = (
				C137B0772A359AF0002351F4 /* Debug */,
				C137B0782A359AF0002351F4 /* Release */,
			);
			defaultConfigurationIsVisible = 0;
			defaultConfigurationName = Release;
		};
		C137B0792A359AF0002351F4 /* Build configuration list for PBXNativeTarget "opengl-learning" */ = {
			isa = XCConfigurationList;
			buildConfigurations = (
				C137B07A2A359AF0002351F4 /* Debug */,
				C137B07B2A359AF0002351F4 /* Release */,
			);
			defaultConfigurationIsVisible = 0;
			defaultConfigurationName = Release;
		};
/* End XCConfigurationList section */
	};
	rootObject = C137B06A2A359AF0002351F4 /* Project object */;
}
